
Microsoft Visual Studio Solution File, Format Version 12.00
# Visual Studio Version 16
VisualStudioVersion = 16.0.30406.217
MinimumVisualStudioVersion = 10.0.40219.1
Project("{2150E333-8FDC-42A3-9474-1A3956D46DE8}") = "DAL", "DAL", "{C8AE9DCB-4554-4AB6-9771-01A0F2B7F485}"
EndProject
Project("{9A19103F-16F7-4668-BE54-9A1E7A4F7556}") = "Memoriae.DAL.PostgreSQL.EF", "DAL\Memoriae.DAL.PostgreSQL.EF\Memoriae.DAL.PostgreSQL.EF.csproj", "{389B6327-61CA-4DC5-A47A-E51143701FD5}"
EndProject
Project("{2150E333-8FDC-42A3-9474-1A3956D46DE8}") = "BAL", "BAL", "{4403CE46-04EB-4ED9-B48D-BB31E1DD604A}"
EndProject
Project("{9A19103F-16F7-4668-BE54-9A1E7A4F7556}") = "Memoriae.BAL.Core", "BAL\Memoriae.BAL.Core\Memoriae.BAL.Core.csproj", "{0C5FC851-AB36-4C4F-826F-C0D14AE34983}"
EndProject
Project("{2150E333-8FDC-42A3-9474-1A3956D46DE8}") = "WebService", "WebService", "{0AAF4799-0799-44F9-92BF-11C12B3FAE00}"
EndProject
Project("{9A19103F-16F7-4668-BE54-9A1E7A4F7556}") = "Memoriae.WebApi", "WebService\Memoriae.WebApi\Memoriae.WebApi.csproj", "{FEBB293C-4F5E-47AD-9289-2454C23D7FA3}"
EndProject
Project("{9A19103F-16F7-4668-BE54-9A1E7A4F7556}") = "Memoriae.BAL.PostgreSQL", "BAL\Memoriae.BAL.PostgreSQL\Memoriae.BAL.PostgreSQL.csproj", "{BD2B96D8-CA26-4800-AC7A-0A9FA8D1314F}"
EndProject
Project("{2150E333-8FDC-42A3-9474-1A3956D46DE8}") = "Helpers", "Helpers", "{41C76CC7-A69B-4470-95EB-81FACFA18DF0}"
EndProject
Project("{9A19103F-16F7-4668-BE54-9A1E7A4F7556}") = "Memoriae.Helpers.Swagger", "Helpers\Memoriae.Helpers.Swagger\Memoriae.Helpers.Swagger.csproj", "{6D633C17-B999-4FF0-ADCC-11A644CAE0EF}"
EndProject
Project("{2150E333-8FDC-42A3-9474-1A3956D46DE8}") = "Scripts", "Scripts", "{A544A4D5-2F5E-404B-98F0-F5605C8816BF}"
	ProjectSection(SolutionItems) = preProject
		Scripts\createTables.sql = Scripts\createTables.sql
	EndProjectSection
EndProject
Project("{9A19103F-16F7-4668-BE54-9A1E7A4F7556}") = "Memoriae.DAL.Users.PostgreSQL.EF", "DAL\Memoriae.DAL.Users.PostgreSQL.EF\Memoriae.DAL.Users.PostgreSQL.EF.csproj", "{F01A9BF1-DC86-4E2F-84E9-65B12C18CDA7}"
EndProject
Project("{9A19103F-16F7-4668-BE54-9A1E7A4F7556}") = "Memoriae.BAL.User.Core", "BAL\Memoriae.BAL.User.Core\Memoriae.BAL.User.Core.csproj", "{9BC1CEE2-6596-4EC4-9589-B7C795E1DA34}"
EndProject
Project("{2150E333-8FDC-42A3-9474-1A3956D46DE8}") = "UI", "UI", "{11A40AB4-9910-466B-BB69-4598505CC999}"
EndProject
Project("{2150E333-8FDC-42A3-9474-1A3956D46DE8}") = "HttpClients", "HttpClients", "{5230C9A2-9FB5-4007-A030-B2180A331005}"
EndProject
Project("{9A19103F-16F7-4668-BE54-9A1E7A4F7556}") = "Memoriae.Http.AuthentificationService", "HttpClients\Memoriae.Http.AuthentificationService\Memoriae.Http.AuthentificationService.csproj", "{F111D38B-FC6B-4BAD-BA67-537412E05F24}"
EndProject
Project("{9A19103F-16F7-4668-BE54-9A1E7A4F7556}") = "Memoriae.UI.Blazor", "UI\Memoriae.UI.Blazor\Memoriae.UI.Blazor.csproj", "{4157B708-AD3D-4224-92DA-A37B900735F2}"
EndProject
Global
	GlobalSection(SolutionConfigurationPlatforms) = preSolution
		Debug|Any CPU = Debug|Any CPU
		Release|Any CPU = Release|Any CPU
	EndGlobalSection
	GlobalSection(ProjectConfigurationPlatforms) = postSolution
		{389B6327-61CA-4DC5-A47A-E51143701FD5}.Debug|Any CPU.ActiveCfg = Debug|Any CPU
		{389B6327-61CA-4DC5-A47A-E51143701FD5}.Debug|Any CPU.Build.0 = Debug|Any CPU
		{389B6327-61CA-4DC5-A47A-E51143701FD5}.Release|Any CPU.ActiveCfg = Release|Any CPU
		{389B6327-61CA-4DC5-A47A-E51143701FD5}.Release|Any CPU.Build.0 = Release|Any CPU
		{0C5FC851-AB36-4C4F-826F-C0D14AE34983}.Debug|Any CPU.ActiveCfg = Debug|Any CPU
		{0C5FC851-AB36-4C4F-826F-C0D14AE34983}.Debug|Any CPU.Build.0 = Debug|Any CPU
		{0C5FC851-AB36-4C4F-826F-C0D14AE34983}.Release|Any CPU.ActiveCfg = Release|Any CPU
		{0C5FC851-AB36-4C4F-826F-C0D14AE34983}.Release|Any CPU.Build.0 = Release|Any CPU
		{FEBB293C-4F5E-47AD-9289-2454C23D7FA3}.Debug|Any CPU.ActiveCfg = Debug|Any CPU
		{FEBB293C-4F5E-47AD-9289-2454C23D7FA3}.Debug|Any CPU.Build.0 = Debug|Any CPU
		{FEBB293C-4F5E-47AD-9289-2454C23D7FA3}.Release|Any CPU.ActiveCfg = Release|Any CPU
		{FEBB293C-4F5E-47AD-9289-2454C23D7FA3}.Release|Any CPU.Build.0 = Release|Any CPU
		{BD2B96D8-CA26-4800-AC7A-0A9FA8D1314F}.Debug|Any CPU.ActiveCfg = Debug|Any CPU
		{BD2B96D8-CA26-4800-AC7A-0A9FA8D1314F}.Debug|Any CPU.Build.0 = Debug|Any CPU
		{BD2B96D8-CA26-4800-AC7A-0A9FA8D1314F}.Release|Any CPU.ActiveCfg = Release|Any CPU
		{BD2B96D8-CA26-4800-AC7A-0A9FA8D1314F}.Release|Any CPU.Build.0 = Release|Any CPU
		{6D633C17-B999-4FF0-ADCC-11A644CAE0EF}.Debug|Any CPU.ActiveCfg = Debug|Any CPU
		{6D633C17-B999-4FF0-ADCC-11A644CAE0EF}.Debug|Any CPU.Build.0 = Debug|Any CPU
		{6D633C17-B999-4FF0-ADCC-11A644CAE0EF}.Release|Any CPU.ActiveCfg = Release|Any CPU
		{6D633C17-B999-4FF0-ADCC-11A644CAE0EF}.Release|Any CPU.Build.0 = Release|Any CPU
		{F01A9BF1-DC86-4E2F-84E9-65B12C18CDA7}.Debug|Any CPU.ActiveCfg = Debug|Any CPU
		{F01A9BF1-DC86-4E2F-84E9-65B12C18CDA7}.Debug|Any CPU.Build.0 = Debug|Any CPU
		{F01A9BF1-DC86-4E2F-84E9-65B12C18CDA7}.Release|Any CPU.ActiveCfg = Release|Any CPU
		{F01A9BF1-DC86-4E2F-84E9-65B12C18CDA7}.Release|Any CPU.Build.0 = Release|Any CPU
		{9BC1CEE2-6596-4EC4-9589-B7C795E1DA34}.Debug|Any CPU.ActiveCfg = Debug|Any CPU
		{9BC1CEE2-6596-4EC4-9589-B7C795E1DA34}.Debug|Any CPU.Build.0 = Debug|Any CPU
		{9BC1CEE2-6596-4EC4-9589-B7C795E1DA34}.Release|Any CPU.ActiveCfg = Release|Any CPU
		{9BC1CEE2-6596-4EC4-9589-B7C795E1DA34}.Release|Any CPU.Build.0 = Release|Any CPU
		{F111D38B-FC6B-4BAD-BA67-537412E05F24}.Debug|Any CPU.ActiveCfg = Debug|Any CPU
		{F111D38B-FC6B-4BAD-BA67-537412E05F24}.Debug|Any CPU.Build.0 = Debug|Any CPU
		{F111D38B-FC6B-4BAD-BA67-537412E05F24}.Release|Any CPU.ActiveCfg = Release|Any CPU
		{F111D38B-FC6B-4BAD-BA67-537412E05F24}.Release|Any CPU.Build.0 = Release|Any CPU
		{4157B708-AD3D-4224-92DA-A37B900735F2}.Debug|Any CPU.ActiveCfg = Debug|Any CPU
		{4157B708-AD3D-4224-92DA-A37B900735F2}.Debug|Any CPU.Build.0 = Debug|Any CPU
		{4157B708-AD3D-4224-92DA-A37B900735F2}.Release|Any CPU.ActiveCfg = Release|Any CPU
		{4157B708-AD3D-4224-92DA-A37B900735F2}.Release|Any CPU.Build.0 = Release|Any CPU
	EndGlobalSection
	GlobalSection(SolutionProperties) = preSolution
		HideSolutionNode = FALSE
	EndGlobalSection
	GlobalSection(NestedProjects) = preSolution
		{389B6327-61CA-4DC5-A47A-E51143701FD5} = {C8AE9DCB-4554-4AB6-9771-01A0F2B7F485}
		{0C5FC851-AB36-4C4F-826F-C0D14AE34983} = {4403CE46-04EB-4ED9-B48D-BB31E1DD604A}
		{FEBB293C-4F5E-47AD-9289-2454C23D7FA3} = {0AAF4799-0799-44F9-92BF-11C12B3FAE00}
		{BD2B96D8-CA26-4800-AC7A-0A9FA8D1314F} = {4403CE46-04EB-4ED9-B48D-BB31E1DD604A}
		{6D633C17-B999-4FF0-ADCC-11A644CAE0EF} = {41C76CC7-A69B-4470-95EB-81FACFA18DF0}
		{F01A9BF1-DC86-4E2F-84E9-65B12C18CDA7} = {C8AE9DCB-4554-4AB6-9771-01A0F2B7F485}
		{9BC1CEE2-6596-4EC4-9589-B7C795E1DA34} = {4403CE46-04EB-4ED9-B48D-BB31E1DD604A}
		{F111D38B-FC6B-4BAD-BA67-537412E05F24} = {5230C9A2-9FB5-4007-A030-B2180A331005}
		{4157B708-AD3D-4224-92DA-A37B900735F2} = {11A40AB4-9910-466B-BB69-4598505CC999}
	EndGlobalSection
	GlobalSection(ExtensibilityGlobals) = postSolution
		SolutionGuid = {C221E633-185F-4E76-B1D2-71F1788FBC4E}
	EndGlobalSection
EndGlobal
